
Microsoft Visual Studio Solution File, Format Version 12.00
# Visual Studio 14
VisualStudioVersion = 14.0.25420.1
MinimumVisualStudioVersion = 10.0.40219.1
Project("{8BC9CEB8-8B4A-11D0-8D11-00A0C91BC942}") = "BubbleSort", "BubbleSort\BubbleSort.vcxproj", "{ADC5A1DA-990A-44D7-9930-67FF1AC4A5DD}"
EndProject
Project("{8BC9CEB8-8B4A-11D0-8D11-00A0C91BC942}") = "QuickSort", "QuickSort\QuickSort.vcxproj", "{3AEE37E0-A579-4631-9BEF-7D65958AA64F}"
EndProject
Project("{8BC9CEB8-8B4A-11D0-8D11-00A0C91BC942}") = "SelectionSort", "SelectionSort\SelectionSort.vcxproj", "{461D37D2-67AA-49AC-8C64-2F2AB2C55138}"
EndProject
Project("{8BC9CEB8-8B4A-11D0-8D11-00A0C91BC942}") = "HeapSort", "HeapSort\HeapSort.vcxproj", "{D2524B64-76AE-459F-B4C6-64E3E50652BF}"
EndProject
Project("{8BC9CEB8-8B4A-11D0-8D11-00A0C91BC942}") = "InsertSort", "InsertSort\InsertSort.vcxproj", "{F7DC10FA-6634-46AD-B834-85A30ACB6518}"
EndProject
Project("{8BC9CEB8-8B4A-11D0-8D11-00A0C91BC942}") = "ShellSort", "ShellSort\ShellSort.vcxproj", "{1E5666F7-A59F-4FAC-93C3-797648380F25}"
EndProject
Project("{8BC9CEB8-8B4A-11D0-8D11-00A0C91BC942}") = "归并排序", "归并排序\归并排序.vcxproj", "{CC9F7131-3FAE-4C18-933F-6315E7845F9B}"
EndProject
Global
	GlobalSection(SolutionConfigurationPlatforms) = preSolution
		Debug|x64 = Debug|x64
		Debug|x86 = Debug|x86
		Release|x64 = Release|x64
		Release|x86 = Release|x86
	EndGlobalSection
	GlobalSection(ProjectConfigurationPlatforms) = postSolution
		{ADC5A1DA-990A-44D7-9930-67FF1AC4A5DD}.Debug|x64.ActiveCfg = Debug|x64
		{ADC5A1DA-990A-44D7-9930-67FF1AC4A5DD}.Debug|x64.Build.0 = Debug|x64
		{ADC5A1DA-990A-44D7-9930-67FF1AC4A5DD}.Debug|x86.ActiveCfg = Debug|Win32
		{ADC5A1DA-990A-44D7-9930-67FF1AC4A5DD}.Debug|x86.Build.0 = Debug|Win32
		{ADC5A1DA-990A-44D7-9930-67FF1AC4A5DD}.Release|x64.ActiveCfg = Release|x64
		{ADC5A1DA-990A-44D7-9930-67FF1AC4A5DD}.Release|x64.Build.0 = Release|x64
		{ADC5A1DA-990A-44D7-9930-67FF1AC4A5DD}.Release|x86.ActiveCfg = Release|Win32
		{ADC5A1DA-990A-44D7-9930-67FF1AC4A5DD}.Release|x86.Build.0 = Release|Win32
		{3AEE37E0-A579-4631-9BEF-7D65958AA64F}.Debug|x64.ActiveCfg = Debug|x64
		{3AEE37E0-A579-4631-9BEF-7D65958AA64F}.Debug|x64.Build.0 = Debug|x64
		{3AEE37E0-A579-4631-9BEF-7D65958AA64F}.Debug|x86.ActiveCfg = Debug|Win32
		{3AEE37E0-A579-4631-9BEF-7D65958AA64F}.Debug|x86.Build.0 = Debug|Win32
		{3AEE37E0-A579-4631-9BEF-7D65958AA64F}.Release|x64.ActiveCfg = Release|x64
		{3AEE37E0-A579-4631-9BEF-7D65958AA64F}.Release|x64.Build.0 = Release|x64
		{3AEE37E0-A579-4631-9BEF-7D65958AA64F}.Release|x86.ActiveCfg = Release|Win32
		{3AEE37E0-A579-4631-9BEF-7D65958AA64F}.Release|x86.Build.0 = Release|Win32
		{461D37D2-67AA-49AC-8C64-2F2AB2C55138}.Debug|x64.ActiveCfg = Debug|x64
		{461D37D2-67AA-49AC-8C64-2F2AB2C55138}.Debug|x64.Build.0 = Debug|x64
		{461D37D2-67AA-49AC-8C64-2F2AB2C55138}.Debug|x86.ActiveCfg = Debug|Win32
		{461D37D2-67AA-49AC-8C64-2F2AB2C55138}.Debug|x86.Build.0 = Debug|Win32
		{461D37D2-67AA-49AC-8C64-2F2AB2C55138}.Release|x64.ActiveCfg = Release|x64
		{461D37D2-67AA-49AC-8C64-2F2AB2C55138}.Release|x64.Build.0 = Release|x64
		{461D37D2-67AA-49AC-8C64-2F2AB2C55138}.Release|x86.ActiveCfg = Release|Win32
		{461D37D2-67AA-49AC-8C64-2F2AB2C55138}.Release|x86.Build.0 = Release|Win32
		{D2524B64-76AE-459F-B4C6-64E3E50652BF}.Debug|x64.ActiveCfg = Debug|x64
		{D2524B64-76AE-459F-B4C6-64E3E50652BF}.Debug|x64.Build.0 = Debug|x64
		{D2524B64-76AE-459F-B4C6-64E3E50652BF}.Debug|x86.ActiveCfg = Debug|Win32
		{D2524B64-76AE-459F-B4C6-64E3E50652BF}.Debug|x86.Build.0 = Debug|Win32
		{D2524B64-76AE-459F-B4C6-64E3E50652BF}.Release|x64.ActiveCfg = Release|x64
		{D2524B64-76AE-459F-B4C6-64E3E50652BF}.Release|x64.Build.0 = Release|x64
		{D2524B64-76AE-459F-B4C6-64E3E50652BF}.Release|x86.ActiveCfg = Release|Win32
		{D2524B64-76AE-459F-B4C6-64E3E50652BF}.Release|x86.Build.0 = Release|Win32
		{F7DC10FA-6634-46AD-B834-85A30ACB6518}.Debug|x64.ActiveCfg = Debug|x64
		{F7DC10FA-6634-46AD-B834-85A30ACB6518}.Debug|x64.Build.0 = Debug|x64
		{F7DC10FA-6634-46AD-B834-85A30ACB6518}.Debug|x86.ActiveCfg = Debug|Win32
		{F7DC10FA-6634-46AD-B834-85A30ACB6518}.Debug|x86.Build.0 = Debug|Win32
		{F7DC10FA-6634-46AD-B834-85A30ACB6518}.Release|x64.ActiveCfg = Release|x64
		{F7DC10FA-6634-46AD-B834-85A30ACB6518}.Release|x64.Build.0 = Release|x64
		{F7DC10FA-6634-46AD-B834-85A30ACB6518}.Release|x86.ActiveCfg = Release|Win32
		{F7DC10FA-6634-46AD-B834-85A30ACB6518}.Release|x86.Build.0 = Release|Win32
		{1E5666F7-A59F-4FAC-93C3-797648380F25}.Debug|x64.ActiveCfg = Debug|x64
		{1E5666F7-A59F-4FAC-93C3-797648380F25}.Debug|x64.Build.0 = Debug|x64
		{1E5666F7-A59F-4FAC-93C3-797648380F25}.Debug|x86.ActiveCfg = Debug|Win32
		{1E5666F7-A59F-4FAC-93C3-797648380F25}.Debug|x86.Build.0 = Debug|Win32
		{1E5666F7-A59F-4FAC-93C3-797648380F25}.Release|x64.ActiveCfg = Release|x64
		{1E5666F7-A59F-4FAC-93C3-797648380F25}.Release|x64.Build.0 = Release|x64
		{1E5666F7-A59F-4FAC-93C3-797648380F25}.Release|x86.ActiveCfg = Release|Win32
		{1E5666F7-A59F-4FAC-93C3-797648380F25}.Release|x86.Build.0 = Release|Win32
		{CC9F7131-3FAE-4C18-933F-6315E7845F9B}.Debug|x64.ActiveCfg = Debug|x64
		{CC9F7131-3FAE-4C18-933F-6315E7845F9B}.Debug|x64.Build.0 = Debug|x64
		{CC9F7131-3FAE-4C18-933F-6315E7845F9B}.Debug|x86.ActiveCfg = Debug|Win32
		{CC9F7131-3FAE-4C18-933F-6315E7845F9B}.Debug|x86.Build.0 = Debug|Win32
		{CC9F7131-3FAE-4C18-933F-6315E7845F9B}.Release|x64.ActiveCfg = Release|x64
		{CC9F7131-3FAE-4C18-933F-6315E7845F9B}.Release|x64.Build.0 = Release|x64
		{CC9F7131-3FAE-4C18-933F-6315E7845F9B}.Release|x86.ActiveCfg = Release|Win32
		{CC9F7131-3FAE-4C18-933F-6315E7845F9B}.Release|x86.Build.0 = Release|Win32
	EndGlobalSection
	GlobalSection(SolutionProperties) = preSolution
		HideSolutionNode = FALSE
	EndGlobalSection
EndGlobal
